// !$*UTF8*$!
{
	archiveVersion = 1;
	classes = {
	};
	objectVersion = 50;
	objects = {

/* Begin PBXBuildFile section */
		150A94E626AF0BDF00FE2B03 /* AppDelegate.swift in Sources */ = {isa = PBXBuildFile; fileRef = 150A94E526AF0BDF00FE2B03 /* AppDelegate.swift */; };
		150A94E826AF0BDF00FE2B03 /* SceneDelegate.swift in Sources */ = {isa = PBXBuildFile; fileRef = 150A94E726AF0BDF00FE2B03 /* SceneDelegate.swift */; };
		150A94EA26AF0BDF00FE2B03 /* ViewController.swift in Sources */ = {isa = PBXBuildFile; fileRef = 150A94E926AF0BDF00FE2B03 /* ViewController.swift */; };
		150A94ED26AF0BDF00FE2B03 /* Main.storyboard in Resources */ = {isa = PBXBuildFile; fileRef = 150A94EB26AF0BDF00FE2B03 /* Main.storyboard */; };
		150A94EF26AF0BE000FE2B03 /* Assets.xcassets in Resources */ = {isa = PBXBuildFile; fileRef = 150A94EE26AF0BE000FE2B03 /* Assets.xcassets */; };
		150A94F226AF0BE000FE2B03 /* LaunchScreen.storyboard in Resources */ = {isa = PBXBuildFile; fileRef = 150A94F026AF0BE000FE2B03 /* LaunchScreen.storyboard */; };
		150A94FD26AF0BE100FE2B03 /* YumemiWeatherTests.swift in Sources */ = {isa = PBXBuildFile; fileRef = 150A94FC26AF0BE100FE2B03 /* YumemiWeatherTests.swift */; };
		150A950826AF0BE100FE2B03 /* YumemiWeatherUITests.swift in Sources */ = {isa = PBXBuildFile; fileRef = 150A950726AF0BE100FE2B03 /* YumemiWeatherUITests.swift */; };
/* End PBXBuildFile section */

/* Begin PBXContainerItemProxy section */
		150A94F926AF0BE100FE2B03 /* PBXContainerItemProxy */ = {
			isa = PBXContainerItemProxy;
			containerPortal = 150A94DA26AF0BDF00FE2B03 /* Project object */;
			proxyType = 1;
			remoteGlobalIDString = 150A94E126AF0BDF00FE2B03;
			remoteInfo = YumemiWeather;
		};
		150A950426AF0BE100FE2B03 /* PBXContainerItemProxy */ = {
			isa = PBXContainerItemProxy;
			containerPortal = 150A94DA26AF0BDF00FE2B03 /* Project object */;
			proxyType = 1;
			remoteGlobalIDString = 150A94E126AF0BDF00FE2B03;
			remoteInfo = YumemiWeather;
		};
/* End PBXContainerItemProxy section */

/* Begin PBXFileReference section */
		150A94E226AF0BDF00FE2B03 /* YumemiWeather.app */ = {isa = PBXFileReference; explicitFileType = wrapper.application; includeInIndex = 0; path = YumemiWeather.app; sourceTree = BUILT_PRODUCTS_DIR; };
		150A94E526AF0BDF00FE2B03 /* AppDelegate.swift */ = {isa = PBXFileReference; lastKnownFileType = sourcecode.swift; path = AppDelegate.swift; sourceTree = "<group>"; };
		150A94E726AF0BDF00FE2B03 /* SceneDelegate.swift */ = {isa = PBXFileReference; lastKnownFileType = sourcecode.swift; path = SceneDelegate.swift; sourceTree = "<group>"; };
		150A94E926AF0BDF00FE2B03 /* ViewController.swift */ = {isa = PBXFileReference; lastKnownFileType = sourcecode.swift; path = ViewController.swift; sourceTree = "<group>"; };
		150A94EC26AF0BDF00FE2B03 /* Base */ = {isa = PBXFileReference; lastKnownFileType = file.storyboard; name = Base; path = Base.lproj/Main.storyboard; sourceTree = "<group>"; };
		150A94EE26AF0BE000FE2B03 /* Assets.xcassets */ = {isa = PBXFileReference; lastKnownFileType = folder.assetcatalog; path = Assets.xcassets; sourceTree = "<group>"; };
		150A94F126AF0BE000FE2B03 /* Base */ = {isa = PBXFileReference; lastKnownFileType = file.storyboard; name = Base; path = Base.lproj/LaunchScreen.storyboard; sourceTree = "<group>"; };
		150A94F326AF0BE000FE2B03 /* Info.plist */ = {isa = PBXFileReference; lastKnownFileType = text.plist.xml; path = Info.plist; sourceTree = "<group>"; };
		150A94F826AF0BE100FE2B03 /* YumemiWeatherTests.xctest */ = {isa = PBXFileReference; explicitFileType = wrapper.cfbundle; includeInIndex = 0; path = YumemiWeatherTests.xctest; sourceTree = BUILT_PRODUCTS_DIR; };
		150A94FC26AF0BE100FE2B03 /* YumemiWeatherTests.swift */ = {isa = PBXFileReference; lastKnownFileType = sourcecode.swift; path = YumemiWeatherTests.swift; sourceTree = "<group>"; };
		150A94FE26AF0BE100FE2B03 /* Info.plist */ = {isa = PBXFileReference; lastKnownFileType = text.plist.xml; path = Info.plist; sourceTree = "<group>"; };
		150A950326AF0BE100FE2B03 /* YumemiWeatherUITests.xctest */ = {isa = PBXFileReference; explicitFileType = wrapper.cfbundle; includeInIndex = 0; path = YumemiWeatherUITests.xctest; sourceTree = BUILT_PRODUCTS_DIR; };
		150A950726AF0BE100FE2B03 /* YumemiWeatherUITests.swift */ = {isa = PBXFileReference; lastKnownFileType = sourcecode.swift; path = YumemiWeatherUITests.swift; sourceTree = "<group>"; };
		150A950926AF0BE100FE2B03 /* Info.plist */ = {isa = PBXFileReference; lastKnownFileType = text.plist.xml; path = Info.plist; sourceTree = "<group>"; };
/* End PBXFileReference section */

/* Begin PBXFrameworksBuildPhase section */
		150A94DF26AF0BDF00FE2B03 /* Frameworks */ = {
			isa = PBXFrameworksBuildPhase;
			buildActionMask = 2147483647;
			files = (
			);
			runOnlyForDeploymentPostprocessing = 0;
		};
		150A94F526AF0BE100FE2B03 /* Frameworks */ = {
			isa = PBXFrameworksBuildPhase;
			buildActionMask = 2147483647;
			files = (
			);
			runOnlyForDeploymentPostprocessing = 0;
		};
		150A950026AF0BE100FE2B03 /* Frameworks */ = {
			isa = PBXFrameworksBuildPhase;
			buildActionMask = 2147483647;
			files = (
			);
			runOnlyForDeploymentPostprocessing = 0;
		};
/* End PBXFrameworksBuildPhase section */

/* Begin PBXGroup section */
		150A94D926AF0BDF00FE2B03 = {
			isa = PBXGroup;
			children = (
				150A94E426AF0BDF00FE2B03 /* YumemiWeather */,
				150A94FB26AF0BE100FE2B03 /* YumemiWeatherTests */,
				150A950626AF0BE100FE2B03 /* YumemiWeatherUITests */,
				150A94E326AF0BDF00FE2B03 /* Products */,
			);
			sourceTree = "<group>";
		};
		150A94E326AF0BDF00FE2B03 /* Products */ = {
			isa = PBXGroup;
			children = (
				150A94E226AF0BDF00FE2B03 /* YumemiWeather.app */,
				150A94F826AF0BE100FE2B03 /* YumemiWeatherTests.xctest */,
				150A950326AF0BE100FE2B03 /* YumemiWeatherUITests.xctest */,
			);
			name = Products;
			sourceTree = "<group>";
		};
		150A94E426AF0BDF00FE2B03 /* YumemiWeather */ = {
			isa = PBXGroup;
			children = (
				150A94E526AF0BDF00FE2B03 /* AppDelegate.swift */,
				150A94E726AF0BDF00FE2B03 /* SceneDelegate.swift */,
				150A94E926AF0BDF00FE2B03 /* ViewController.swift */,
				150A94EB26AF0BDF00FE2B03 /* Main.storyboard */,
				150A94EE26AF0BE000FE2B03 /* Assets.xcassets */,
				150A94F026AF0BE000FE2B03 /* LaunchScreen.storyboard */,
				150A94F326AF0BE000FE2B03 /* Info.plist */,
			);
			path = YumemiWeather;
			sourceTree = "<group>";
		};
		150A94FB26AF0BE100FE2B03 /* YumemiWeatherTests */ = {
			isa = PBXGroup;
			children = (
				150A94FC26AF0BE100FE2B03 /* YumemiWeatherTests.swift */,
				150A94FE26AF0BE100FE2B03 /* Info.plist */,
			);
			path = YumemiWeatherTests;
			sourceTree = "<group>";
		};
		150A950626AF0BE100FE2B03 /* YumemiWeatherUITests */ = {
			isa = PBXGroup;
			children = (
				150A950726AF0BE100FE2B03 /* YumemiWeatherUITests.swift */,
				150A950926AF0BE100FE2B03 /* Info.plist */,
			);
			path = YumemiWeatherUITests;
			sourceTree = "<group>";
		};
/* End PBXGroup section */

/* Begin PBXNativeTarget section */
		150A94E126AF0BDF00FE2B03 /* YumemiWeather */ = {
			isa = PBXNativeTarget;
			buildConfigurationList = 150A950C26AF0BE100FE2B03 /* Build configuration list for PBXNativeTarget "YumemiWeather" */;
			buildPhases = (
				150A94DE26AF0BDF00FE2B03 /* Sources */,
				150A94DF26AF0BDF00FE2B03 /* Frameworks */,
				150A94E026AF0BDF00FE2B03 /* Resources */,
			);
			buildRules = (
			);
			dependencies = (
			);
			name = YumemiWeather;
			productName = YumemiWeather;
			productReference = 150A94E226AF0BDF00FE2B03 /* YumemiWeather.app */;
			productType = "com.apple.product-type.application";
		};
		150A94F726AF0BE100FE2B03 /* YumemiWeatherTests */ = {
			isa = PBXNativeTarget;
			buildConfigurationList = 150A950F26AF0BE100FE2B03 /* Build configuration list for PBXNativeTarget "YumemiWeatherTests" */;
			buildPhases = (
				150A94F426AF0BE100FE2B03 /* Sources */,
				150A94F526AF0BE100FE2B03 /* Frameworks */,
				150A94F626AF0BE100FE2B03 /* Resources */,
			);
			buildRules = (
			);
			dependencies = (
				150A94FA26AF0BE100FE2B03 /* PBXTargetDependency */,
			);
			name = YumemiWeatherTests;
			productName = YumemiWeatherTests;
			productReference = 150A94F826AF0BE100FE2B03 /* YumemiWeatherTests.xctest */;
			productType = "com.apple.product-type.bundle.unit-test";
		};
		150A950226AF0BE100FE2B03 /* YumemiWeatherUITests */ = {
			isa = PBXNativeTarget;
			buildConfigurationList = 150A951226AF0BE100FE2B03 /* Build configuration list for PBXNativeTarget "YumemiWeatherUITests" */;
			buildPhases = (
				150A94FF26AF0BE100FE2B03 /* Sources */,
				150A950026AF0BE100FE2B03 /* Frameworks */,
				150A950126AF0BE100FE2B03 /* Resources */,
			);
			buildRules = (
			);
			dependencies = (
				150A950526AF0BE100FE2B03 /* PBXTargetDependency */,
			);
			name = YumemiWeatherUITests;
			productName = YumemiWeatherUITests;
			productReference = 150A950326AF0BE100FE2B03 /* YumemiWeatherUITests.xctest */;
			productType = "com.apple.product-type.bundle.ui-testing";
		};
/* End PBXNativeTarget section */

/* Begin PBXProject section */
		150A94DA26AF0BDF00FE2B03 /* Project object */ = {
			isa = PBXProject;
			attributes = {
				LastSwiftUpdateCheck = 1250;
				LastUpgradeCheck = 1250;
				TargetAttributes = {
					150A94E126AF0BDF00FE2B03 = {
						CreatedOnToolsVersion = 12.5.1;
					};
					150A94F726AF0BE100FE2B03 = {
						CreatedOnToolsVersion = 12.5.1;
						TestTargetID = 150A94E126AF0BDF00FE2B03;
					};
					150A950226AF0BE100FE2B03 = {
						CreatedOnToolsVersion = 12.5.1;
						TestTargetID = 150A94E126AF0BDF00FE2B03;
					};
				};
			};
			buildConfigurationList = 150A94DD26AF0BDF00FE2B03 /* Build configuration list for PBXProject "YumemiWeather" */;
			compatibilityVersion = "Xcode 9.3";
			developmentRegion = en;
			hasScannedForEncodings = 0;
			knownRegions = (
				en,
				Base,
			);
			mainGroup = 150A94D926AF0BDF00FE2B03;
			productRefGroup = 150A94E326AF0BDF00FE2B03 /* Products */;
			projectDirPath = "";
			projectRoot = "";
			targets = (
				150A94E126AF0BDF00FE2B03 /* YumemiWeather */,
				150A94F726AF0BE100FE2B03 /* YumemiWeatherTests */,
				150A950226AF0BE100FE2B03 /* YumemiWeatherUITests */,
			);
		};
/* End PBXProject section */

/* Begin PBXResourcesBuildPhase section */
		150A94E026AF0BDF00FE2B03 /* Resources */ = {
			isa = PBXResourcesBuildPhase;
			buildActionMask = 2147483647;
			files = (
				150A94F226AF0BE000FE2B03 /* LaunchScreen.storyboard in Resources */,
				150A94EF26AF0BE000FE2B03 /* Assets.xcassets in Resources */,
				150A94ED26AF0BDF00FE2B03 /* Main.storyboard in Resources */,
			);
			runOnlyForDeploymentPostprocessing = 0;
		};
		150A94F626AF0BE100FE2B03 /* Resources */ = {
			isa = PBXResourcesBuildPhase;
			buildActionMask = 2147483647;
			files = (
			);
			runOnlyForDeploymentPostprocessing = 0;
		};
		150A950126AF0BE100FE2B03 /* Resources */ = {
			isa = PBXResourcesBuildPhase;
			buildActionMask = 2147483647;
			files = (
			);
			runOnlyForDeploymentPostprocessing = 0;
		};
/* End PBXResourcesBuildPhase section */

/* Begin PBXSourcesBuildPhase section */
		150A94DE26AF0BDF00FE2B03 /* Sources */ = {
			isa = PBXSourcesBuildPhase;
			buildActionMask = 2147483647;
			files = (
				150A94EA26AF0BDF00FE2B03 /* ViewController.swift in Sources */,
				150A94E626AF0BDF00FE2B03 /* AppDelegate.swift in Sources */,
				150A94E826AF0BDF00FE2B03 /* SceneDelegate.swift in Sources */,
			);
			runOnlyForDeploymentPostprocessing = 0;
		};
		150A94F426AF0BE100FE2B03 /* Sources */ = {
			isa = PBXSourcesBuildPhase;
			buildActionMask = 2147483647;
			files = (
				150A94FD26AF0BE100FE2B03 /* YumemiWeatherTests.swift in Sources */,
			);
			runOnlyForDeploymentPostprocessing = 0;
		};
		150A94FF26AF0BE100FE2B03 /* Sources */ = {
			isa = PBXSourcesBuildPhase;
			buildActionMask = 2147483647;
			files = (
				150A950826AF0BE100FE2B03 /* YumemiWeatherUITests.swift in Sources */,
			);
			runOnlyForDeploymentPostprocessing = 0;
		};
/* End PBXSourcesBuildPhase section */

/* Begin PBXTargetDependency section */
		150A94FA26AF0BE100FE2B03 /* PBXTargetDependency */ = {
			isa = PBXTargetDependency;
			target = 150A94E126AF0BDF00FE2B03 /* YumemiWeather */;
			targetProxy = 150A94F926AF0BE100FE2B03 /* PBXContainerItemProxy */;
		};
		150A950526AF0BE100FE2B03 /* PBXTargetDependency */ = {
			isa = PBXTargetDependency;
			target = 150A94E126AF0BDF00FE2B03 /* YumemiWeather */;
			targetProxy = 150A950426AF0BE100FE2B03 /* PBXContainerItemProxy */;
		};
/* End PBXTargetDependency section */

/* Begin PBXVariantGroup section */
		150A94EB26AF0BDF00FE2B03 /* Main.storyboard */ = {
			isa = PBXVariantGroup;
			children = (
				150A94EC26AF0BDF00FE2B03 /* Base */,
			);
			name = Main.storyboard;
			sourceTree = "<group>";
		};
		150A94F026AF0BE000FE2B03 /* LaunchScreen.storyboard */ = {
			isa = PBXVariantGroup;
			children = (
				150A94F126AF0BE000FE2B03 /* Base */,
			);
			name = LaunchScreen.storyboard;
			sourceTree = "<group>";
		};
/* End PBXVariantGroup section */

/* Begin XCBuildConfiguration section */
		150A950A26AF0BE100FE2B03 /* Debug */ = {
			isa = XCBuildConfiguration;
			buildSettings = {
				ALWAYS_SEARCH_USER_PATHS = NO;
				CLANG_ANALYZER_NONNULL = YES;
				CLANG_ANALYZER_NUMBER_OBJECT_CONVERSION = YES_AGGRESSIVE;
				CLANG_CXX_LANGUAGE_STANDARD = "gnu++14";
				CLANG_CXX_LIBRARY = "libc++";
				CLANG_ENABLE_MODULES = YES;
				CLANG_ENABLE_OBJC_ARC = YES;
				CLANG_ENABLE_OBJC_WEAK = YES;
				CLANG_WARN_BLOCK_CAPTURE_AUTORELEASING = YES;
				CLANG_WARN_BOOL_CONVERSION = YES;
				CLANG_WARN_COMMA = YES;
				CLANG_WARN_CONSTANT_CONVERSION = YES;
				CLANG_WARN_DEPRECATED_OBJC_IMPLEMENTATIONS = YES;
				CLANG_WARN_DIRECT_OBJC_ISA_USAGE = YES_ERROR;
				CLANG_WARN_DOCUMENTATION_COMMENTS = YES;
				CLANG_WARN_EMPTY_BODY = YES;
				CLANG_WARN_ENUM_CONVERSION = YES;
				CLANG_WARN_INFINITE_RECURSION = YES;
				CLANG_WARN_INT_CONVERSION = YES;
				CLANG_WARN_NON_LITERAL_NULL_CONVERSION = YES;
				CLANG_WARN_OBJC_IMPLICIT_RETAIN_SELF = YES;
				CLANG_WARN_OBJC_LITERAL_CONVERSION = YES;
				CLANG_WARN_OBJC_ROOT_CLASS = YES_ERROR;
				CLANG_WARN_QUOTED_INCLUDE_IN_FRAMEWORK_HEADER = YES;
				CLANG_WARN_RANGE_LOOP_ANALYSIS = YES;
				CLANG_WARN_STRICT_PROTOTYPES = YES;
				CLANG_WARN_SUSPICIOUS_MOVE = YES;
				CLANG_WARN_UNGUARDED_AVAILABILITY = YES_AGGRESSIVE;
				CLANG_WARN_UNREACHABLE_CODE = YES;
				CLANG_WARN__DUPLICATE_METHOD_MATCH = YES;
				COPY_PHASE_STRIP = NO;
				DEBUG_INFORMATION_FORMAT = dwarf;
				ENABLE_STRICT_OBJC_MSGSEND = YES;
				ENABLE_TESTABILITY = YES;
				GCC_C_LANGUAGE_STANDARD = gnu11;
				GCC_DYNAMIC_NO_PIC = NO;
				GCC_NO_COMMON_BLOCKS = YES;
				GCC_OPTIMIZATION_LEVEL = 0;
				GCC_PREPROCESSOR_DEFINITIONS = (
					"DEBUG=1",
					"$(inherited)",
				);
				GCC_WARN_64_TO_32_BIT_CONVERSION = YES;
				GCC_WARN_ABOUT_RETURN_TYPE = YES_ERROR;
				GCC_WARN_UNDECLARED_SELECTOR = YES;
				GCC_WARN_UNINITIALIZED_AUTOS = YES_AGGRESSIVE;
				GCC_WARN_UNUSED_FUNCTION = YES;
				GCC_WARN_UNUSED_VARIABLE = YES;
				IPHONEOS_DEPLOYMENT_TARGET = 14.5;
				MTL_ENABLE_DEBUG_INFO = INCLUDE_SOURCE;
				MTL_FAST_MATH = YES;
				ONLY_ACTIVE_ARCH = YES;
				SDKROOT = iphoneos;
				SWIFT_ACTIVE_COMPILATION_CONDITIONS = DEBUG;
				SWIFT_OPTIMIZATION_LEVEL = "-Onone";
			};
			name = Debug;
		};
		150A950B26AF0BE100FE2B03 /* Release */ = {
			isa = XCBuildConfiguration;
			buildSettings = {
				ALWAYS_SEARCH_USER_PATHS = NO;
				CLANG_ANALYZER_NONNULL = YES;
				CLANG_ANALYZER_NUMBER_OBJECT_CONVERSION = YES_AGGRESSIVE;
				CLANG_CXX_LANGUAGE_STANDARD = "gnu++14";
				CLANG_CXX_LIBRARY = "libc++";
				CLANG_ENABLE_MODULES = YES;
				CLANG_ENABLE_OBJC_ARC = YES;
				CLANG_ENABLE_OBJC_WEAK = YES;
				CLANG_WARN_BLOCK_CAPTURE_AUTORELEASING = YES;
				CLANG_WARN_BOOL_CONVERSION = YES;
				CLANG_WARN_COMMA = YES;
				CLANG_WARN_CONSTANT_CONVERSION = YES;
				CLANG_WARN_DEPRECATED_OBJC_IMPLEMENTATIONS = YES;
				CLANG_WARN_DIRECT_OBJC_ISA_USAGE = YES_ERROR;
				CLANG_WARN_DOCUMENTATION_COMMENTS = YES;
				CLANG_WARN_EMPTY_BODY = YES;
				CLANG_WARN_ENUM_CONVERSION = YES;
				CLANG_WARN_INFINITE_RECURSION = YES;
				CLANG_WARN_INT_CONVERSION = YES;
				CLANG_WARN_NON_LITERAL_NULL_CONVERSION = YES;
				CLANG_WARN_OBJC_IMPLICIT_RETAIN_SELF = YES;
				CLANG_WARN_OBJC_LITERAL_CONVERSION = YES;
				CLANG_WARN_OBJC_ROOT_CLASS = YES_ERROR;
				CLANG_WARN_QUOTED_INCLUDE_IN_FRAMEWORK_HEADER = YES;
				CLANG_WARN_RANGE_LOOP_ANALYSIS = YES;
				CLANG_WARN_STRICT_PROTOTYPES = YES;
				CLANG_WARN_SUSPICIOUS_MOVE = YES;
				CLANG_WARN_UNGUARDED_AVAILABILITY = YES_AGGRESSIVE;
				CLANG_WARN_UNREACHABLE_CODE = YES;
				CLANG_WARN__DUPLICATE_METHOD_MATCH = YES;
				COPY_PHASE_STRIP = NO;
				DEBUG_INFORMATION_FORMAT = "dwarf-with-dsym";
				ENABLE_NS_ASSERTIONS = NO;
				ENABLE_STRICT_OBJC_MSGSEND = YES;
				GCC_C_LANGUAGE_STANDARD = gnu11;
				GCC_NO_COMMON_BLOCKS = YES;
				GCC_WARN_64_TO_32_BIT_CONVERSION = YES;
				GCC_WARN_ABOUT_RETURN_TYPE = YES_ERROR;
				GCC_WARN_UNDECLARED_SELECTOR = YES;
				GCC_WARN_UNINITIALIZED_AUTOS = YES_AGGRESSIVE;
				GCC_WARN_UNUSED_FUNCTION = YES;
				GCC_WARN_UNUSED_VARIABLE = YES;
				IPHONEOS_DEPLOYMENT_TARGET = 14.5;
				MTL_ENABLE_DEBUG_INFO = NO;
				MTL_FAST_MATH = YES;
				SDKROOT = iphoneos;
				SWIFT_COMPILATION_MODE = wholemodule;
				SWIFT_OPTIMIZATION_LEVEL = "-O";
				VALIDATE_PRODUCT = YES;
			};
			name = Release;
		};
		150A950D26AF0BE100FE2B03 /* Debug */ = {
			isa = XCBuildConfiguration;
			buildSettings = {
				ASSETCATALOG_COMPILER_APPICON_NAME = AppIcon;
				ASSETCATALOG_COMPILER_GLOBAL_ACCENT_COLOR_NAME = AccentColor;
				CODE_SIGN_STYLE = Automatic;
				DEVELOPMENT_TEAM = MEE5J38X3N;
				INFOPLIST_FILE = YumemiWeather/Info.plist;
				LD_RUNPATH_SEARCH_PATHS = (
					"$(inherited)",
					"@executable_path/Frameworks",
				);
				PRODUCT_BUNDLE_IDENTIFIER = com.orpheuslyra.YumemiWeather;
				PRODUCT_NAME = "$(TARGET_NAME)";
				SWIFT_VERSION = 5.0;
				TARGETED_DEVICE_FAMILY = "1,2";
			};
			name = Debug;
		};
		150A950E26AF0BE100FE2B03 /* Release */ = {
			isa = XCBuildConfiguration;
			buildSettings = {
				ASSETCATALOG_COMPILER_APPICON_NAME = AppIcon;
				ASSETCATALOG_COMPILER_GLOBAL_ACCENT_COLOR_NAME = AccentColor;
				CODE_SIGN_STYLE = Automatic;
				DEVELOPMENT_TEAM = MEE5J38X3N;
				INFOPLIST_FILE = YumemiWeather/Info.plist;
				LD_RUNPATH_SEARCH_PATHS = (
					"$(inherited)",
					"@executable_path/Frameworks",
				);
				PRODUCT_BUNDLE_IDENTIFIER = com.orpheuslyra.YumemiWeather;
				PRODUCT_NAME = "$(TARGET_NAME)";
				SWIFT_VERSION = 5.0;
				TARGETED_DEVICE_FAMILY = "1,2";
			};
			name = Release;
		};
		150A951026AF0BE100FE2B03 /* Debug */ = {
			isa = XCBuildConfiguration;
			buildSettings = {
				ALWAYS_EMBED_SWIFT_STANDARD_LIBRARIES = YES;
				BUNDLE_LOADER = "$(TEST_HOST)";
				CODE_SIGN_STYLE = Automatic;
				DEVELOPMENT_TEAM = MEE5J38X3N;
				INFOPLIST_FILE = YumemiWeatherTests/Info.plist;
				IPHONEOS_DEPLOYMENT_TARGET = 14.5;
				LD_RUNPATH_SEARCH_PATHS = (
					"$(inherited)",
					"@executable_path/Frameworks",
					"@loader_path/Frameworks",
				);
				PRODUCT_BUNDLE_IDENTIFIER = com.orpheuslyra.YumemiWeatherTests;
				PRODUCT_NAME = "$(TARGET_NAME)";
				SWIFT_VERSION = 5.0;
				TARGETED_DEVICE_FAMILY = "1,2";
				TEST_HOST = "$(BUILT_PRODUCTS_DIR)/YumemiWeather.app/YumemiWeather";
			};
			name = Debug;
		};
		150A951126AF0BE100FE2B03 /* Release */ = {
			isa = XCBuildConfiguration;
			buildSettings = {
				ALWAYS_EMBED_SWIFT_STANDARD_LIBRARIES = YES;
				BUNDLE_LOADER = "$(TEST_HOST)";
				CODE_SIGN_STYLE = Automatic;
				DEVELOPMENT_TEAM = MEE5J38X3N;
				INFOPLIST_FILE = YumemiWeatherTests/Info.plist;
				IPHONEOS_DEPLOYMENT_TARGET = 14.5;
				LD_RUNPATH_SEARCH_PATHS = (
					"$(inherited)",
					"@executable_path/Frameworks",
					"@loader_path/Frameworks",
				);
				PRODUCT_BUNDLE_IDENTIFIER = com.orpheuslyra.YumemiWeatherTests;
				PRODUCT_NAME = "$(TARGET_NAME)";
				SWIFT_VERSION = 5.0;
				TARGETED_DEVICE_FAMILY = "1,2";
				TEST_HOST = "$(BUILT_PRODUCTS_DIR)/YumemiWeather.app/YumemiWeather";
			};
			name = Release;
		};
		150A951326AF0BE100FE2B03 /* Debug */ = {
			isa = XCBuildConfiguration;
			buildSettings = {
				ALWAYS_EMBED_SWIFT_STANDARD_LIBRARIES = YES;
				CODE_SIGN_STYLE = Automatic;
				DEVELOPMENT_TEAM = MEE5J38X3N;
				INFOPLIST_FILE = YumemiWeatherUITests/Info.plist;
				LD_RUNPATH_SEARCH_PATHS = (
					"$(inherited)",
					"@executable_path/Frameworks",
					"@loader_path/Frameworks",
				);
				PRODUCT_BUNDLE_IDENTIFIER = com.orpheuslyra.YumemiWeatherUITests;
				PRODUCT_NAME = "$(TARGET_NAME)";
				SWIFT_VERSION = 5.0;
				TARGETED_DEVICE_FAMILY = "1,2";
				TEST_TARGET_NAME = YumemiWeather;
			};
			name = Debug;
		};
		150A951426AF0BE100FE2B03 /* Release */ = {
			isa = XCBuildConfiguration;
			buildSettings = {
				ALWAYS_EMBED_SWIFT_STANDARD_LIBRARIES = YES;
				CODE_SIGN_STYLE = Automatic;
				DEVELOPMENT_TEAM = MEE5J38X3N;
				INFOPLIST_FILE = YumemiWeatherUITests/Info.plist;
				LD_RUNPATH_SEARCH_PATHS = (
					"$(inherited)",
					"@executable_path/Frameworks",
					"@loader_path/Frameworks",
				);
				PRODUCT_BUNDLE_IDENTIFIER = com.orpheuslyra.YumemiWeatherUITests;
				PRODUCT_NAME = "$(TARGET_NAME)";
				SWIFT_VERSION = 5.0;
				TARGETED_DEVICE_FAMILY = "1,2";
				TEST_TARGET_NAME = YumemiWeather;
			};
			name = Release;
		};
/* End XCBuildConfiguration section */

/* Begin XCConfigurationList section */
		150A94DD26AF0BDF00FE2B03 /* Build configuration list for PBXProject "YumemiWeather" */ = {
			isa = XCConfigurationList;
			buildConfigurations = (
				150A950A26AF0BE100FE2B03 /* Debug */,
				150A950B26AF0BE100FE2B03 /* Release */,
			);
			defaultConfigurationIsVisible = 0;
			defaultConfigurationName = Release;
		};
		150A950C26AF0BE100FE2B03 /* Build configuration list for PBXNativeTarget "YumemiWeather" */ = {
			isa = XCConfigurationList;
			buildConfigurations = (
				150A950D26AF0BE100FE2B03 /* Debug */,
				150A950E26AF0BE100FE2B03 /* Release */,
			);
			defaultConfigurationIsVisible = 0;
			defaultConfigurationName = Release;
		};
		150A950F26AF0BE100FE2B03 /* Build configuration list for PBXNativeTarget "YumemiWeatherTests" */ = {
			isa = XCConfigurationList;
			buildConfigurations = (
				150A951026AF0BE100FE2B03 /* Debug */,
				150A951126AF0BE100FE2B03 /* Release */,
			);
			defaultConfigurationIsVisible = 0;
			defaultConfigurationName = Release;
		};
		150A951226AF0BE100FE2B03 /* Build configuration list for PBXNativeTarget "YumemiWeatherUITests" */ = {
			isa = XCConfigurationList;
			buildConfigurations = (
				150A951326AF0BE100FE2B03 /* Debug */,
				150A951426AF0BE100FE2B03 /* Release */,
			);
			defaultConfigurationIsVisible = 0;
			defaultConfigurationName = Release;
		};
/* End XCConfigurationList section */
	};
	rootObject = 150A94DA26AF0BDF00FE2B03 /* Project object */;
}
